<?xml version="1.0" encoding="utf-8"?>
<Project ToolsVersion="4.0" xmlns="http://schemas.microsoft.com/developer/msbuild/2003">
  <ItemGroup>
    <Filter Include="Brisket">
      <UniqueIdentifier>{F94FDCED-652F-5B89-6E47-E65FDAA5C1EA}</UniqueIdentifier>
    </Filter>
    <Filter Include="Brisket\Events">
      <UniqueIdentifier>{BD298B26-A9F7-7E2C-928B-EF527EF85A91}</UniqueIdentifier>
    </Filter>
  </ItemGroup>
  <ItemGroup>
    <ClInclude Include="src\Brisket.h" />
    <ClInclude Include="src\Brisket\Application.h">
      <Filter>Brisket</Filter>
    </ClInclude>
    <ClInclude Include="src\Brisket\Core.h">
      <Filter>Brisket</Filter>
    </ClInclude>
    <ClInclude Include="src\Brisket\EntryPoint.h">
      <Filter>Brisket</Filter>
    </ClInclude>
    <ClInclude Include="src\Brisket\Events\ApplicationEvent.h">
      <Filter>Brisket\Events</Filter>
    </ClInclude>
    <ClInclude Include="src\Brisket\Events\Event.h">
      <Filter>Brisket\Events</Filter>
    </ClInclude>
    <ClInclude Include="src\Brisket\Events\KeyEvent.h">
      <Filter>Brisket\Events</Filter>
    </ClInclude>
    <ClInclude Include="src\Brisket\Events\MouseEvent.h">
      <Filter>Brisket\Events</Filter>
    </ClInclude>
    <ClInclude Include="src\Brisket\Log.h">
      <Filter>Brisket</Filter>
    </ClInclude>
  </ItemGroup>
  <ItemGroup>
    <ClCompile Include="src\Brisket\Application.cpp">
      <Filter>Brisket</Filter>
    </ClCompile>
    <ClCompile Include="src\Brisket\Log.cpp">
      <Filter>Brisket</Filter>
    </ClCompile>
  </ItemGroup>
</Project>